
Microsoft Visual Studio Solution File, Format Version 12.00
# Visual Studio Version 16
VisualStudioVersion = 16.0.31129.286
MinimumVisualStudioVersion = 10.0.40219.1
Project("{FAE04EC0-301F-11D3-BF4B-00C04F79EFBC}") = "SvgMarkupExtension", "SvgMarkupExtension\SvgMarkupExtension.csproj", "{2EBB2E63-60AD-42A2-8F59-C84A55C26CB8}"
EndProject
Global
	GlobalSection(SolutionConfigurationPlatforms) = preSolution
		Debug|Any CPU = Debug|Any CPU
		Release|Any CPU = Release|Any CPU
	EndGlobalSection
	GlobalSection(ProjectConfigurationPlatforms) = postSolution
		{2EBB2E63-60AD-42A2-8F59-C84A55C26CB8}.Debug|Any CPU.ActiveCfg = Debug|Any CPU
		{2EBB2E63-60AD-42A2-8F59-C84A55C26CB8}.Debug|Any CPU.Build.0 = Debug|Any CPU
		{2EBB2E63-60AD-42A2-8F59-C84A55C26CB8}.Release|Any CPU.ActiveCfg = Release|Any CPU
		{2EBB2E63-60AD-42A2-8F59-C84A55C26CB8}.Release|Any CPU.Build.0 = Release|Any CPU
	EndGlobalSection
	GlobalSection(SolutionProperties) = preSolution
		HideSolutionNode = FALSE
	EndGlobalSection
	GlobalSection(ExtensibilityGlobals) = postSolution
		SolutionGuid = {3C2AD5C0-0B56-4EC8-B72A-5A39F84EE57E}
	EndGlobalSection
EndGlobal
